%{
  "elixir_make": {:hex, :elixir_make, "0.10.0", "16577e2583a79bb79237bbff349619ef5d80afffc07eac6e4faf0d00e2ddaf7d", [:mix], [], "hexpm", "dc1f09fb7fa68866b886abd5f0f3c83553b1a19a52359a899e92af1bb3b31982"},
  "extty": {:hex, :extty, "0.4.2", "a180d018cefe6df319859f160b7c94fd7c8119186f9e7b9f18952496dd3ca4d1", [:mix], [], "hexpm", "6d220e5655f293d8e7acb023b3d7ffffb3f294cc2762c3357036ac9459bb6d69"},
  "fwup": {:hex, :fwup, "1.1.0", "6c9d5f06a38263855dcf34f5a5b4da46c2ca42f6e3f873b8f932d095ce010765", [:mix], [], "hexpm", "3ff61d932a42785efc3324ecab6cf9bd3de75dacfca16d9e659a7173ef9f15d6"},
  "hpax": {:hex, :hpax, "1.0.4", "777de5d433b0fbdc7c418159c8055910faa8047ffdb3d6b31098d2a46cd7685c", [:mix], [], "hexpm", "afc7cb142ebcc2d01ce7816190b98ce5dd49e799111b24249f3443d730f377ca"},
  "jason": {:hex, :jason, "1.4.5", "2e3a008590b0b8d7388c20293e9dcc9cf3e5d642fd2a114e4cbbb52e595d940a", [:mix], [{:decimal, "~> 1.0 or ~> 2.0 or ~> 3.0", [hex: :decimal, repo: "hexpm", optional: true]}], "hexpm", "b0c823996102bcd0239b3c2444eb00409b72f6a140c1950bc8b457d836b30684"},
  "mint": {:hex, :mint, "1.10.0", "85af3353bfc504f5bdfe494bd92b8490f87a306dc659ee1ad0af435107e898dc", [:mix], [{:castore, "~> 0.1.0 or ~> 1.0", [hex: :castore, repo: "hexpm", optional: true]}, {:hpax, "~> 0.1.1 or ~> 0.2.0 or ~> 1.0", [hex: :hpax, repo: "hexpm", optional: false]}], "hexpm", "8b16fb72aaa7531d206a1f05e4cc85509ba531ccec7a17a22736c9c95cbb24d1"},
  "mint_web_socket": {:hex, :mint_web_socket, "1.0.6", "5ffcf350df5b90f2d7a04adf877165228804993714592512374218d4679e325a", [:mix], [{:mint, ">= 1.4.1 and < 2.0.0-0", [hex: :mint, repo: "hexpm", optional: false]}], "hexpm", "0c360e9012413f1c115a63532601eb5d63731aab7010949178769760686c1698"},
  "muontrap": {:hex, :muontrap, "1.8.0", "3c5dab5bc91d5a16d14cd85b130ae7d35a9c469564a11ba4b2ebbcd7ccf5bc05", [:make, :mix], [{:elixir_make, "~> 0.6", [hex: :elixir_make, repo: "hexpm", optional: false]}], "hexpm", "45ff36451303cbdefe1c66da3681b5aff078ee5737348f554f0017daa66284af"},
  "nerves_logging": {:hex, :nerves_logging, "0.2.4", "7d60c345325c7165a1473be30a399847eaba425dce3258ef97a8aefd6d913160", [:make, :mix], [{:elixir_make, "~> 0.6", [hex: :elixir_make, repo: "hexpm", optional: false]}], "hexpm", "942f9757adea17d56f4f64fbf4e1aaffd4b2471dd2f1bc020ba80ba2ef5238bc"},
  "nerves_runtime": {:hex, :nerves_runtime, "0.13.13", "998612c742fac60e8498aebb850e64f93d278e0be0f68a56b7ed30d32a05da6a", [:mix], [{:nerves_logging, "~> 0.2.0", [hex: :nerves_logging, repo: "hexpm", optional: false]}, {:nerves_uevent, "~> 0.1.0", [hex: :nerves_uevent, repo: "hexpm", optional: false]}, {:uboot_env, "~> 0.3.0 or ~> 1.0", [hex: :uboot_env, repo: "hexpm", optional: false]}], "hexpm", "6c3a6feaff23d8a4f73aaaaa8d00c9a4bc63cd1d477d82089ba5a4c6a78245c8"},
  "nerves_time": {:hex, :nerves_time, "0.4.12", "71b9243b2646c05f18dc060a4e9004c58890195cfebfd7228122dc37e976f4ba", [:make, :mix], [{:elixir_make, "~> 0.6", [hex: :elixir_make, repo: "hexpm", optional: false]}, {:muontrap, "~> 0.5 or ~> 1.0", [hex: :muontrap, repo: "hexpm", optional: false]}], "hexpm", "527696d2cb5505faa50fa98f7babf1d5b9390a1125d4931b10374ce20e3fe1fc"},
  "nerves_uevent": {:hex, :nerves_uevent, "0.1.7", "e8163591bb0cf087de608a7d0a0523a4c2df9df437dade2e6e890525f9380848", [:make, :mix], [{:elixir_make, "~> 0.6", [hex: :elixir_make, repo: "hexpm", optional: false]}, {:property_table, "~> 0.2.0 or ~> 0.3.0", [hex: :property_table, repo: "hexpm", optional: false]}], "hexpm", "d442b1aec1c61cdaf0fdbb8bcb9be4cada7dab695707ade0e2e7b78ffa4bf3b0"},
  "nimble_options": {:hex, :nimble_options, "1.1.1", "e3a492d54d85fc3fd7c5baf411d9d2852922f66e69476317787a7b2bb000a61b", [:mix], [], "hexpm", "821b2470ca9442c4b6984882fe9bb0389371b8ddec4d45a9504f00a66f650b44"},
  "plug_crypto": {:hex, :plug_crypto, "2.2.0", "144014737daaf485407f5ed77daeaad74d651b216a28c87543f8cc7043f8efc8", [:mix], [], "hexpm", "83a95744ab1c75876542b6fab135fcc176280e0f301a111c1f757fddcec95d2c"},
  "property_table": {:hex, :property_table, "0.3.4", "576b20f586ee7366d53919289c1b6dee4bbe1946f6761bfb20dabf7875cb4d40", [:mix], [], "hexpm", "1a45e5d4915ba017822e9692b447432f786cf63c89a6d71b7582eef666fd54b9"},
  "slipstream": {:hex, :slipstream, "1.2.2", "6b07124ac5f62a50327aa38c84edd0284920ac8aba548e04738827838f233ed0", [:mix], [{:jason, "~> 1.0", [hex: :jason, repo: "hexpm", optional: true]}, {:mint_web_socket, "~> 0.2 or ~> 1.0", [hex: :mint_web_socket, repo: "hexpm", optional: false]}, {:nimble_options, "~> 0.1 or ~> 1.0", [hex: :nimble_options, repo: "hexpm", optional: false]}, {:telemetry, "~> 0.4 or ~> 1.0", [hex: :telemetry, repo: "hexpm", optional: false]}], "hexpm", "ccb873ddb21aadb37c5c7745014febe6da0aa2cef0c4e73e7d08ce11d18aacd0"},
  "telemetry": {:hex, :telemetry, "1.4.2", "a0cb522801dffb1c49fe6e30561badffc7b6d0e180db1300df759faa22062855", [:rebar3], [], "hexpm", "928f6495066506077862c0d1646609eed891a4326bee3126ba54b60af61febb1"},
  "uboot_env": {:hex, :uboot_env, "1.0.2", "239809ab786a57f0f3d4eb318e0af30b7847c288cff96fc9306cd5283f967355", [:mix], [], "hexpm", "89c6419b3af35f90f7f027858e977c719c1a8b68e57be73757bc21a2ed0cc03d"},
  "whenwhere": {:hex, :whenwhere, "0.1.2", "d0b9928061b3e49dc9ade45db95206fb740ab00ca2283da331f0f9590e6f970e", [:mix], [], "hexpm", "b438bd7650571e4e94a59b31f0828287c93e8ca1064da5b6b1f2d5e7122b748b"},
  "x509": {:hex, :x509, "0.9.2", "a75aa605348abd905990f3d2dc1b155fcde4e030fa2f90c4a91534405dce0f6e", [:mix], [], "hexpm", "4c5ede75697e565d4b0f5be04c3b71bb1fd3a090ea243af4bd7dae144e48cfc7"},
}
